
Microsoft Visual Studio Solution File, Format Version 12.00
# Visual Studio 15
VisualStudioVersion = 15.0.28307.539
MinimumVisualStudioVersion = 10.0.40219.1
Project("{FAE04EC0-301F-11D3-BF4B-00C04F79EFBC}") = "chatServer", "chatServer\chatServer.csproj", "{FFA2729D-BCF7-429C-98F7-C31DF7ECC6F1}"
EndProject
Global
	GlobalSection(SolutionConfigurationPlatforms) = preSolution
		Debug|Any CPU = Debug|Any CPU
		Release|Any CPU = Release|Any CPU
	EndGlobalSection
	GlobalSection(ProjectConfigurationPlatforms) = postSolution
		{FFA2729D-BCF7-429C-98F7-C31DF7ECC6F1}.Debug|Any CPU.ActiveCfg = Debug|Any CPU
		{FFA2729D-BCF7-429C-98F7-C31DF7ECC6F1}.Debug|Any CPU.Build.0 = Debug|Any CPU
		{FFA2729D-BCF7-429C-98F7-C31DF7ECC6F1}.Release|Any CPU.ActiveCfg = Release|Any CPU
		{FFA2729D-BCF7-429C-98F7-C31DF7ECC6F1}.Release|Any CPU.Build.0 = Release|Any CPU
	EndGlobalSection
	GlobalSection(SolutionProperties) = preSolution
		HideSolutionNode = FALSE
	EndGlobalSection
	GlobalSection(ExtensibilityGlobals) = postSolution
		SolutionGuid = {18644BA2-3B8E-42B7-94AC-3D5A7EE32818}
	EndGlobalSection
EndGlobal
